
Microsoft Visual Studio Solution File, Format Version 12.00
# Visual Studio Version 16
VisualStudioVersion = 16.0.29306.81
MinimumVisualStudioVersion = 10.0.40219.1
Project("{FAE04EC0-301F-11D3-BF4B-00C04F79EFBC}") = "Assignment1_ScubaDivingReview_N01374963", "Assignment1_ScubaDivingReview_N01374963\Assignment1_ScubaDivingReview_N01374963.csproj", "{44BB9B69-BC97-4F6E-868F-7E6C5CC1628D}"
EndProject
Global
	GlobalSection(SolutionConfigurationPlatforms) = preSolution
		Debug|Any CPU = Debug|Any CPU
		Release|Any CPU = Release|Any CPU
	EndGlobalSection
	GlobalSection(ProjectConfigurationPlatforms) = postSolution
		{44BB9B69-BC97-4F6E-868F-7E6C5CC1628D}.Debug|Any CPU.ActiveCfg = Debug|Any CPU
		{44BB9B69-BC97-4F6E-868F-7E6C5CC1628D}.Debug|Any CPU.Build.0 = Debug|Any CPU
		{44BB9B69-BC97-4F6E-868F-7E6C5CC1628D}.Release|Any CPU.ActiveCfg = Release|Any CPU
		{44BB9B69-BC97-4F6E-868F-7E6C5CC1628D}.Release|Any CPU.Build.0 = Release|Any CPU
	EndGlobalSection
	GlobalSection(SolutionProperties) = preSolution
		HideSolutionNode = FALSE
	EndGlobalSection
	GlobalSection(ExtensibilityGlobals) = postSolution
		SolutionGuid = {5E94BC01-9E00-4B4B-BEFF-B766282591E5}
	EndGlobalSection
EndGlobal
